
Microsoft Visual Studio Solution File, Format Version 12.00
# Visual Studio Version 16
VisualStudioVersion = 16.0.29102.190
MinimumVisualStudioVersion = 10.0.40219.1
Project("{FAE04EC0-301F-11D3-BF4B-00C04F79EFBC}") = "RDS", "RDS\RDS.csproj", "{7458471B-885F-4026-ACBB-D8A60369487A}"
EndProject
Project("{2150E333-8FDC-42A3-9474-1A3956D46DE8}") = "AY", "AY", "{893B2176-BA5E-4A1C-A8EF-9A301C228E66}"
EndProject
Project("{FAE04EC0-301F-11D3-BF4B-00C04F79EFBC}") = "ay", "Ay\ay\ay.csproj", "{43E5A788-CB73-4EA1-9077-75CB897724B9}"
EndProject
Project("{FAE04EC0-301F-11D3-BF4B-00C04F79EFBC}") = "ay.contentcore", "Ay\ay.contentcore\ay.contentcore.csproj", "{9444F98C-30B1-4074-BA00-E942EDD729B2}"
EndProject
Project("{FAE04EC0-301F-11D3-BF4B-00C04F79EFBC}") = "ay.contents", "Ay\ay.contents\ay.contents.csproj", "{3800FE55-F547-4F26-B3D9-4B5DAE850A1C}"
EndProject
Project("{FAE04EC0-301F-11D3-BF4B-00C04F79EFBC}") = "ay.mvc", "Ay\ay.mvc\ay.mvc.csproj", "{74A5E186-43D4-450E-B314-F261FE0FFFCB}"
EndProject
Project("{FAE04EC0-301F-11D3-BF4B-00C04F79EFBC}") = "ay.Wpf.Theme", "Ay\ay.Wpf.Theme\ay.Wpf.Theme.csproj", "{17A007CD-FEA2-493A-B055-B7FDE8740EAE}"
EndProject
Project("{FAE04EC0-301F-11D3-BF4B-00C04F79EFBC}") = "ay.Wpf.Theme.Element", "Ay\ay.Wpf.Theme.Element\ay.Wpf.Theme.Element.csproj", "{05561601-995F-4C88-A3D3-3E6B699C77F2}"
EndProject
Project("{FAE04EC0-301F-11D3-BF4B-00C04F79EFBC}") = "ay.db", "Ay\ay.db\ay.db.csproj", "{A019EE0D-0EC6-45A1-BA8A-0ABC0352D25F}"
EndProject
Project("{FAE04EC0-301F-11D3-BF4B-00C04F79EFBC}") = "rds.contents", "rds.contents\rds.contents.csproj", "{D31129A1-2481-44D5-87EB-B4DB5C60C03B}"
EndProject
Project("{FAE04EC0-301F-11D3-BF4B-00C04F79EFBC}") = "RDS.Models.UI", "RDS.Models.UI\RDS.Models.UI.csproj", "{8F45295E-1E22-4878-BB6B-27DA71FF1819}"
EndProject
Project("{FAE04EC0-301F-11D3-BF4B-00C04F79EFBC}") = "RDS.Models.DB", "RDS.Models.DB\RDS.Models.DB.csproj", "{C06CFD9A-B5CB-4374-AA48-F289917A243F}"
EndProject
Project("{FAE04EC0-301F-11D3-BF4B-00C04F79EFBC}") = "RDS.Adapter", "RDS.Adapter\RDS.Adapter.csproj", "{917E0817-967E-40E0-88C3-87B30A862952}"
EndProject
Project("{FAE04EC0-301F-11D3-BF4B-00C04F79EFBC}") = "RDS.IAdapter", "RDS.IAdapter\RDS.IAdapter.csproj", "{B22D11FB-9FA9-42DA-AE7E-90AD748ABAB8}"
EndProject
Project("{2150E333-8FDC-42A3-9474-1A3956D46DE8}") = "RDSOLUTION", "RDSOLUTION", "{03A5D47B-1354-43F8-81F4-C50F3E2AA145}"
EndProject
Project("{FAE04EC0-301F-11D3-BF4B-00C04F79EFBC}") = "RDS.Adapter.Design", "RDS.Adpater.Design\RDS.Adapter.Design.csproj", "{15CF03C7-BB8A-4F8B-8C41-B2FB5494FE14}"
EndProject
Project("{2150E333-8FDC-42A3-9474-1A3956D46DE8}") = "Server", "Server", "{EBE665C0-357C-4108-8BF1-BA272004E802}"
EndProject
Project("{FAE04EC0-301F-11D3-BF4B-00C04F79EFBC}") = "Ay.Framework.DataCreaters", "Ay\Ay.Framework.DataCreaters\Ay.Framework.DataCreaters.csproj", "{727CA740-0978-43DE-B8FF-B3DF6549CDD3}"
EndProject
Project("{2150E333-8FDC-42A3-9474-1A3956D46DE8}") = "Sample", "Sample", "{2E48E1B6-A9A5-42E0-8F88-389901C3F886}"
EndProject
Project("{FAE04EC0-301F-11D3-BF4B-00C04F79EFBC}") = "TestDemo", "Sample\TestDemo\TestDemo.csproj", "{D03EC572-26FA-42D3-91A7-87D9F49310C1}"
EndProject
Project("{2150E333-8FDC-42A3-9474-1A3956D46DE8}") = "Advance", "Advance", "{FCEE8937-5CB8-4902-998D-835DE878231B}"
EndProject
Project("{2150E333-8FDC-42A3-9474-1A3956D46DE8}") = "Tools", "Tools", "{04848882-9DA9-4C8D-8CD0-633D4C7064C8}"
EndProject
Project("{2150E333-8FDC-42A3-9474-1A3956D46DE8}") = "Langs", "Langs", "{F142CB18-20F2-469B-8237-0D9FCF86925F}"
EndProject
Project("{FAE04EC0-301F-11D3-BF4B-00C04F79EFBC}") = "AyLangManage", "Tools\lang\AyLangManage\AyLangManage.csproj", "{059A77CF-07FC-4455-98E1-43D5E97EC1A2}"
EndProject
Project("{FAE04EC0-301F-11D3-BF4B-00C04F79EFBC}") = "LangToDevFileConsole", "Tools\lang\LangToDevFileConsole\LangToDevFileConsole.csproj", "{09355E60-17BB-47E7-966B-DC6189BCD85E}"
EndProject
Project("{2150E333-8FDC-42A3-9474-1A3956D46DE8}") = "CodeShare", "CodeShare", "{10926DF3-3450-4018-A263-61E5E53BBA5F}"
	ProjectSection(SolutionItems) = preProject
		Tools\lang\CodeShare\CreateLangStrongFile.cs = Tools\lang\CodeShare\CreateLangStrongFile.cs
		Tools\lang\CodeShare\DicItem.cs = Tools\lang\CodeShare\DicItem.cs
		Tools\lang\CodeShare\ViewDataConext.cs = Tools\lang\CodeShare\ViewDataConext.cs
	EndProjectSection
EndProject
Global
	GlobalSection(SolutionConfigurationPlatforms) = preSolution
		Debug|Any CPU = Debug|Any CPU
		Debug|x64 = Debug|x64
		Debug|x86 = Debug|x86
		Release|Any CPU = Release|Any CPU
		Release|x64 = Release|x64
		Release|x86 = Release|x86
		x86|Any CPU = x86|Any CPU
		x86|x64 = x86|x64
		x86|x86 = x86|x86
	EndGlobalSection
	GlobalSection(ProjectConfigurationPlatforms) = postSolution
		{7458471B-885F-4026-ACBB-D8A60369487A}.Debug|Any CPU.ActiveCfg = Debug|Any CPU
		{7458471B-885F-4026-ACBB-D8A60369487A}.Debug|Any CPU.Build.0 = Debug|Any CPU
		{7458471B-885F-4026-ACBB-D8A60369487A}.Debug|x64.ActiveCfg = Debug|Any CPU
		{7458471B-885F-4026-ACBB-D8A60369487A}.Debug|x64.Build.0 = Debug|Any CPU
		{7458471B-885F-4026-ACBB-D8A60369487A}.Debug|x86.ActiveCfg = Debug|Any CPU
		{7458471B-885F-4026-ACBB-D8A60369487A}.Debug|x86.Build.0 = Debug|Any CPU
		{7458471B-885F-4026-ACBB-D8A60369487A}.Release|Any CPU.ActiveCfg = Release|Any CPU
		{7458471B-885F-4026-ACBB-D8A60369487A}.Release|Any CPU.Build.0 = Release|Any CPU
		{7458471B-885F-4026-ACBB-D8A60369487A}.Release|x64.ActiveCfg = Release|Any CPU
		{7458471B-885F-4026-ACBB-D8A60369487A}.Release|x64.Build.0 = Release|Any CPU
		{7458471B-885F-4026-ACBB-D8A60369487A}.Release|x86.ActiveCfg = Release|Any CPU
		{7458471B-885F-4026-ACBB-D8A60369487A}.Release|x86.Build.0 = Release|Any CPU
		{7458471B-885F-4026-ACBB-D8A60369487A}.x86|Any CPU.ActiveCfg = Release|Any CPU
		{7458471B-885F-4026-ACBB-D8A60369487A}.x86|Any CPU.Build.0 = Release|Any CPU
		{7458471B-885F-4026-ACBB-D8A60369487A}.x86|x64.ActiveCfg = Release|Any CPU
		{7458471B-885F-4026-ACBB-D8A60369487A}.x86|x64.Build.0 = Release|Any CPU
		{7458471B-885F-4026-ACBB-D8A60369487A}.x86|x86.ActiveCfg = Release|Any CPU
		{7458471B-885F-4026-ACBB-D8A60369487A}.x86|x86.Build.0 = Release|Any CPU
		{43E5A788-CB73-4EA1-9077-75CB897724B9}.Debug|Any CPU.ActiveCfg = Debug|Any CPU
		{43E5A788-CB73-4EA1-9077-75CB897724B9}.Debug|Any CPU.Build.0 = Debug|Any CPU
		{43E5A788-CB73-4EA1-9077-75CB897724B9}.Debug|x64.ActiveCfg = Debug|Any CPU
		{43E5A788-CB73-4EA1-9077-75CB897724B9}.Debug|x64.Build.0 = Debug|Any CPU
		{43E5A788-CB73-4EA1-9077-75CB897724B9}.Debug|x86.ActiveCfg = Debug|Any CPU
		{43E5A788-CB73-4EA1-9077-75CB897724B9}.Debug|x86.Build.0 = Debug|Any CPU
		{43E5A788-CB73-4EA1-9077-75CB897724B9}.Release|Any CPU.ActiveCfg = Release|Any CPU
		{43E5A788-CB73-4EA1-9077-75CB897724B9}.Release|Any CPU.Build.0 = Release|Any CPU
		{43E5A788-CB73-4EA1-9077-75CB897724B9}.Release|x64.ActiveCfg = Release|Any CPU
		{43E5A788-CB73-4EA1-9077-75CB897724B9}.Release|x64.Build.0 = Release|Any CPU
		{43E5A788-CB73-4EA1-9077-75CB897724B9}.Release|x86.ActiveCfg = Release|Any CPU
		{43E5A788-CB73-4EA1-9077-75CB897724B9}.Release|x86.Build.0 = Release|Any CPU
		{43E5A788-CB73-4EA1-9077-75CB897724B9}.x86|Any CPU.ActiveCfg = x86|Any CPU
		{43E5A788-CB73-4EA1-9077-75CB897724B9}.x86|Any CPU.Build.0 = x86|Any CPU
		{43E5A788-CB73-4EA1-9077-75CB897724B9}.x86|x64.ActiveCfg = x86|Any CPU
		{43E5A788-CB73-4EA1-9077-75CB897724B9}.x86|x64.Build.0 = x86|Any CPU
		{43E5A788-CB73-4EA1-9077-75CB897724B9}.x86|x86.ActiveCfg = x86|Any CPU
		{43E5A788-CB73-4EA1-9077-75CB897724B9}.x86|x86.Build.0 = x86|Any CPU
		{9444F98C-30B1-4074-BA00-E942EDD729B2}.Debug|Any CPU.ActiveCfg = Debug|Any CPU
		{9444F98C-30B1-4074-BA00-E942EDD729B2}.Debug|Any CPU.Build.0 = Debug|Any CPU
		{9444F98C-30B1-4074-BA00-E942EDD729B2}.Debug|x64.ActiveCfg = Debug|Any CPU
		{9444F98C-30B1-4074-BA00-E942EDD729B2}.Debug|x64.Build.0 = Debug|Any CPU
		{9444F98C-30B1-4074-BA00-E942EDD729B2}.Debug|x86.ActiveCfg = Debug|Any CPU
		{9444F98C-30B1-4074-BA00-E942EDD729B2}.Debug|x86.Build.0 = Debug|Any CPU
		{9444F98C-30B1-4074-BA00-E942EDD729B2}.Release|Any CPU.ActiveCfg = Release|Any CPU
		{9444F98C-30B1-4074-BA00-E942EDD729B2}.Release|Any CPU.Build.0 = Release|Any CPU
		{9444F98C-30B1-4074-BA00-E942EDD729B2}.Release|x64.ActiveCfg = Release|Any CPU
		{9444F98C-30B1-4074-BA00-E942EDD729B2}.Release|x64.Build.0 = Release|Any CPU
		{9444F98C-30B1-4074-BA00-E942EDD729B2}.Release|x86.ActiveCfg = Release|Any CPU
		{9444F98C-30B1-4074-BA00-E942EDD729B2}.Release|x86.Build.0 = Release|Any CPU
		{9444F98C-30B1-4074-BA00-E942EDD729B2}.x86|Any CPU.ActiveCfg = Release|Any CPU
		{9444F98C-30B1-4074-BA00-E942EDD729B2}.x86|Any CPU.Build.0 = Release|Any CPU
		{9444F98C-30B1-4074-BA00-E942EDD729B2}.x86|x64.ActiveCfg = Release|Any CPU
		{9444F98C-30B1-4074-BA00-E942EDD729B2}.x86|x64.Build.0 = Release|Any CPU
		{9444F98C-30B1-4074-BA00-E942EDD729B2}.x86|x86.ActiveCfg = Release|Any CPU
		{9444F98C-30B1-4074-BA00-E942EDD729B2}.x86|x86.Build.0 = Release|Any CPU
		{3800FE55-F547-4F26-B3D9-4B5DAE850A1C}.Debug|Any CPU.ActiveCfg = Debug|Any CPU
		{3800FE55-F547-4F26-B3D9-4B5DAE850A1C}.Debug|Any CPU.Build.0 = Debug|Any CPU
		{3800FE55-F547-4F26-B3D9-4B5DAE850A1C}.Debug|x64.ActiveCfg = Debug|Any CPU
		{3800FE55-F547-4F26-B3D9-4B5DAE850A1C}.Debug|x64.Build.0 = Debug|Any CPU
		{3800FE55-F547-4F26-B3D9-4B5DAE850A1C}.Debug|x86.ActiveCfg = Debug|Any CPU
		{3800FE55-F547-4F26-B3D9-4B5DAE850A1C}.Debug|x86.Build.0 = Debug|Any CPU
		{3800FE55-F547-4F26-B3D9-4B5DAE850A1C}.Release|Any CPU.ActiveCfg = Release|Any CPU
		{3800FE55-F547-4F26-B3D9-4B5DAE850A1C}.Release|Any CPU.Build.0 = Release|Any CPU
		{3800FE55-F547-4F26-B3D9-4B5DAE850A1C}.Release|x64.ActiveCfg = Release|Any CPU
		{3800FE55-F547-4F26-B3D9-4B5DAE850A1C}.Release|x64.Build.0 = Release|Any CPU
		{3800FE55-F547-4F26-B3D9-4B5DAE850A1C}.Release|x86.ActiveCfg = Release|Any CPU
		{3800FE55-F547-4F26-B3D9-4B5DAE850A1C}.Release|x86.Build.0 = Release|Any CPU
		{3800FE55-F547-4F26-B3D9-4B5DAE850A1C}.x86|Any CPU.ActiveCfg = Release|Any CPU
		{3800FE55-F547-4F26-B3D9-4B5DAE850A1C}.x86|Any CPU.Build.0 = Release|Any CPU
		{3800FE55-F547-4F26-B3D9-4B5DAE850A1C}.x86|x64.ActiveCfg = Release|Any CPU
		{3800FE55-F547-4F26-B3D9-4B5DAE850A1C}.x86|x64.Build.0 = Release|Any CPU
		{3800FE55-F547-4F26-B3D9-4B5DAE850A1C}.x86|x86.ActiveCfg = Release|Any CPU
		{3800FE55-F547-4F26-B3D9-4B5DAE850A1C}.x86|x86.Build.0 = Release|Any CPU
		{74A5E186-43D4-450E-B314-F261FE0FFFCB}.Debug|Any CPU.ActiveCfg = Debug|Any CPU
		{74A5E186-43D4-450E-B314-F261FE0FFFCB}.Debug|Any CPU.Build.0 = Debug|Any CPU
		{74A5E186-43D4-450E-B314-F261FE0FFFCB}.Debug|x64.ActiveCfg = Debug|Any CPU
		{74A5E186-43D4-450E-B314-F261FE0FFFCB}.Debug|x64.Build.0 = Debug|Any CPU
		{74A5E186-43D4-450E-B314-F261FE0FFFCB}.Debug|x86.ActiveCfg = Debug|Any CPU
		{74A5E186-43D4-450E-B314-F261FE0FFFCB}.Debug|x86.Build.0 = Debug|Any CPU
		{74A5E186-43D4-450E-B314-F261FE0FFFCB}.Release|Any CPU.ActiveCfg = Release|Any CPU
		{74A5E186-43D4-450E-B314-F261FE0FFFCB}.Release|Any CPU.Build.0 = Release|Any CPU
		{74A5E186-43D4-450E-B314-F261FE0FFFCB}.Release|x64.ActiveCfg = Release|Any CPU
		{74A5E186-43D4-450E-B314-F261FE0FFFCB}.Release|x64.Build.0 = Release|Any CPU
		{74A5E186-43D4-450E-B314-F261FE0FFFCB}.Release|x86.ActiveCfg = Release|Any CPU
		{74A5E186-43D4-450E-B314-F261FE0FFFCB}.Release|x86.Build.0 = Release|Any CPU
		{74A5E186-43D4-450E-B314-F261FE0FFFCB}.x86|Any CPU.ActiveCfg = Release|Any CPU
		{74A5E186-43D4-450E-B314-F261FE0FFFCB}.x86|Any CPU.Build.0 = Release|Any CPU
		{74A5E186-43D4-450E-B314-F261FE0FFFCB}.x86|x64.ActiveCfg = Release|Any CPU
		{74A5E186-43D4-450E-B314-F261FE0FFFCB}.x86|x64.Build.0 = Release|Any CPU
		{74A5E186-43D4-450E-B314-F261FE0FFFCB}.x86|x86.ActiveCfg = Release|Any CPU
		{74A5E186-43D4-450E-B314-F261FE0FFFCB}.x86|x86.Build.0 = Release|Any CPU
		{17A007CD-FEA2-493A-B055-B7FDE8740EAE}.Debug|Any CPU.ActiveCfg = Debug|Any CPU
		{17A007CD-FEA2-493A-B055-B7FDE8740EAE}.Debug|Any CPU.Build.0 = Debug|Any CPU
		{17A007CD-FEA2-493A-B055-B7FDE8740EAE}.Debug|x64.ActiveCfg = Debug|Any CPU
		{17A007CD-FEA2-493A-B055-B7FDE8740EAE}.Debug|x64.Build.0 = Debug|Any CPU
		{17A007CD-FEA2-493A-B055-B7FDE8740EAE}.Debug|x86.ActiveCfg = Debug|Any CPU
		{17A007CD-FEA2-493A-B055-B7FDE8740EAE}.Debug|x86.Build.0 = Debug|Any CPU
		{17A007CD-FEA2-493A-B055-B7FDE8740EAE}.Release|Any CPU.ActiveCfg = Release|Any CPU
		{17A007CD-FEA2-493A-B055-B7FDE8740EAE}.Release|Any CPU.Build.0 = Release|Any CPU
		{17A007CD-FEA2-493A-B055-B7FDE8740EAE}.Release|x64.ActiveCfg = Release|Any CPU
		{17A007CD-FEA2-493A-B055-B7FDE8740EAE}.Release|x64.Build.0 = Release|Any CPU
		{17A007CD-FEA2-493A-B055-B7FDE8740EAE}.Release|x86.ActiveCfg = Release|Any CPU
		{17A007CD-FEA2-493A-B055-B7FDE8740EAE}.Release|x86.Build.0 = Release|Any CPU
		{17A007CD-FEA2-493A-B055-B7FDE8740EAE}.x86|Any CPU.ActiveCfg = Release|Any CPU
		{17A007CD-FEA2-493A-B055-B7FDE8740EAE}.x86|Any CPU.Build.0 = Release|Any CPU
		{17A007CD-FEA2-493A-B055-B7FDE8740EAE}.x86|x64.ActiveCfg = Release|Any CPU
		{17A007CD-FEA2-493A-B055-B7FDE8740EAE}.x86|x64.Build.0 = Release|Any CPU
		{17A007CD-FEA2-493A-B055-B7FDE8740EAE}.x86|x86.ActiveCfg = Release|Any CPU
		{17A007CD-FEA2-493A-B055-B7FDE8740EAE}.x86|x86.Build.0 = Release|Any CPU
		{05561601-995F-4C88-A3D3-3E6B699C77F2}.Debug|Any CPU.ActiveCfg = Debug|Any CPU
		{05561601-995F-4C88-A3D3-3E6B699C77F2}.Debug|Any CPU.Build.0 = Debug|Any CPU
		{05561601-995F-4C88-A3D3-3E6B699C77F2}.Debug|x64.ActiveCfg = Debug|Any CPU
		{05561601-995F-4C88-A3D3-3E6B699C77F2}.Debug|x64.Build.0 = Debug|Any CPU
		{05561601-995F-4C88-A3D3-3E6B699C77F2}.Debug|x86.ActiveCfg = Debug|Any CPU
		{05561601-995F-4C88-A3D3-3E6B699C77F2}.Debug|x86.Build.0 = Debug|Any CPU
		{05561601-995F-4C88-A3D3-3E6B699C77F2}.Release|Any CPU.ActiveCfg = Release|Any CPU
		{05561601-995F-4C88-A3D3-3E6B699C77F2}.Release|Any CPU.Build.0 = Release|Any CPU
		{05561601-995F-4C88-A3D3-3E6B699C77F2}.Release|x64.ActiveCfg = Release|Any CPU
		{05561601-995F-4C88-A3D3-3E6B699C77F2}.Release|x64.Build.0 = Release|Any CPU
		{05561601-995F-4C88-A3D3-3E6B699C77F2}.Release|x86.ActiveCfg = Release|Any CPU
		{05561601-995F-4C88-A3D3-3E6B699C77F2}.Release|x86.Build.0 = Release|Any CPU
		{05561601-995F-4C88-A3D3-3E6B699C77F2}.x86|Any CPU.ActiveCfg = Release|Any CPU
		{05561601-995F-4C88-A3D3-3E6B699C77F2}.x86|Any CPU.Build.0 = Release|Any CPU
		{05561601-995F-4C88-A3D3-3E6B699C77F2}.x86|x64.ActiveCfg = Release|Any CPU
		{05561601-995F-4C88-A3D3-3E6B699C77F2}.x86|x64.Build.0 = Release|Any CPU
		{05561601-995F-4C88-A3D3-3E6B699C77F2}.x86|x86.ActiveCfg = Release|Any CPU
		{05561601-995F-4C88-A3D3-3E6B699C77F2}.x86|x86.Build.0 = Release|Any CPU
		{A019EE0D-0EC6-45A1-BA8A-0ABC0352D25F}.Debug|Any CPU.ActiveCfg = Debug|Any CPU
		{A019EE0D-0EC6-45A1-BA8A-0ABC0352D25F}.Debug|Any CPU.Build.0 = Debug|Any CPU
		{A019EE0D-0EC6-45A1-BA8A-0ABC0352D25F}.Debug|x64.ActiveCfg = Debug|Any CPU
		{A019EE0D-0EC6-45A1-BA8A-0ABC0352D25F}.Debug|x64.Build.0 = Debug|Any CPU
		{A019EE0D-0EC6-45A1-BA8A-0ABC0352D25F}.Debug|x86.ActiveCfg = Debug|Any CPU
		{A019EE0D-0EC6-45A1-BA8A-0ABC0352D25F}.Debug|x86.Build.0 = Debug|Any CPU
		{A019EE0D-0EC6-45A1-BA8A-0ABC0352D25F}.Release|Any CPU.ActiveCfg = Release|Any CPU
		{A019EE0D-0EC6-45A1-BA8A-0ABC0352D25F}.Release|Any CPU.Build.0 = Release|Any CPU
		{A019EE0D-0EC6-45A1-BA8A-0ABC0352D25F}.Release|x64.ActiveCfg = Release|Any CPU
		{A019EE0D-0EC6-45A1-BA8A-0ABC0352D25F}.Release|x64.Build.0 = Release|Any CPU
		{A019EE0D-0EC6-45A1-BA8A-0ABC0352D25F}.Release|x86.ActiveCfg = Release|Any CPU
		{A019EE0D-0EC6-45A1-BA8A-0ABC0352D25F}.Release|x86.Build.0 = Release|Any CPU
		{A019EE0D-0EC6-45A1-BA8A-0ABC0352D25F}.x86|Any CPU.ActiveCfg = Release|Any CPU
		{A019EE0D-0EC6-45A1-BA8A-0ABC0352D25F}.x86|Any CPU.Build.0 = Release|Any CPU
		{A019EE0D-0EC6-45A1-BA8A-0ABC0352D25F}.x86|x64.ActiveCfg = Release|Any CPU
		{A019EE0D-0EC6-45A1-BA8A-0ABC0352D25F}.x86|x64.Build.0 = Release|Any CPU
		{A019EE0D-0EC6-45A1-BA8A-0ABC0352D25F}.x86|x86.ActiveCfg = Release|Any CPU
		{A019EE0D-0EC6-45A1-BA8A-0ABC0352D25F}.x86|x86.Build.0 = Release|Any CPU
		{D31129A1-2481-44D5-87EB-B4DB5C60C03B}.Debug|Any CPU.ActiveCfg = Debug|Any CPU
		{D31129A1-2481-44D5-87EB-B4DB5C60C03B}.Debug|Any CPU.Build.0 = Debug|Any CPU
		{D31129A1-2481-44D5-87EB-B4DB5C60C03B}.Debug|x64.ActiveCfg = Debug|Any CPU
		{D31129A1-2481-44D5-87EB-B4DB5C60C03B}.Debug|x64.Build.0 = Debug|Any CPU
		{D31129A1-2481-44D5-87EB-B4DB5C60C03B}.Debug|x86.ActiveCfg = Debug|Any CPU
		{D31129A1-2481-44D5-87EB-B4DB5C60C03B}.Debug|x86.Build.0 = Debug|Any CPU
		{D31129A1-2481-44D5-87EB-B4DB5C60C03B}.Release|Any CPU.ActiveCfg = Release|Any CPU
		{D31129A1-2481-44D5-87EB-B4DB5C60C03B}.Release|Any CPU.Build.0 = Release|Any CPU
		{D31129A1-2481-44D5-87EB-B4DB5C60C03B}.Release|x64.ActiveCfg = Release|Any CPU
		{D31129A1-2481-44D5-87EB-B4DB5C60C03B}.Release|x64.Build.0 = Release|Any CPU
		{D31129A1-2481-44D5-87EB-B4DB5C60C03B}.Release|x86.ActiveCfg = Release|Any CPU
		{D31129A1-2481-44D5-87EB-B4DB5C60C03B}.Release|x86.Build.0 = Release|Any CPU
		{D31129A1-2481-44D5-87EB-B4DB5C60C03B}.x86|Any CPU.ActiveCfg = Release|Any CPU
		{D31129A1-2481-44D5-87EB-B4DB5C60C03B}.x86|Any CPU.Build.0 = Release|Any CPU
		{D31129A1-2481-44D5-87EB-B4DB5C60C03B}.x86|x64.ActiveCfg = Release|Any CPU
		{D31129A1-2481-44D5-87EB-B4DB5C60C03B}.x86|x64.Build.0 = Release|Any CPU
		{D31129A1-2481-44D5-87EB-B4DB5C60C03B}.x86|x86.ActiveCfg = Release|Any CPU
		{D31129A1-2481-44D5-87EB-B4DB5C60C03B}.x86|x86.Build.0 = Release|Any CPU
		{8F45295E-1E22-4878-BB6B-27DA71FF1819}.Debug|Any CPU.ActiveCfg = Debug|Any CPU
		{8F45295E-1E22-4878-BB6B-27DA71FF1819}.Debug|Any CPU.Build.0 = Debug|Any CPU
		{8F45295E-1E22-4878-BB6B-27DA71FF1819}.Debug|x64.ActiveCfg = Debug|Any CPU
		{8F45295E-1E22-4878-BB6B-27DA71FF1819}.Debug|x64.Build.0 = Debug|Any CPU
		{8F45295E-1E22-4878-BB6B-27DA71FF1819}.Debug|x86.ActiveCfg = Debug|Any CPU
		{8F45295E-1E22-4878-BB6B-27DA71FF1819}.Debug|x86.Build.0 = Debug|Any CPU
		{8F45295E-1E22-4878-BB6B-27DA71FF1819}.Release|Any CPU.ActiveCfg = Release|Any CPU
		{8F45295E-1E22-4878-BB6B-27DA71FF1819}.Release|Any CPU.Build.0 = Release|Any CPU
		{8F45295E-1E22-4878-BB6B-27DA71FF1819}.Release|x64.ActiveCfg = Release|Any CPU
		{8F45295E-1E22-4878-BB6B-27DA71FF1819}.Release|x64.Build.0 = Release|Any CPU
		{8F45295E-1E22-4878-BB6B-27DA71FF1819}.Release|x86.ActiveCfg = Release|Any CPU
		{8F45295E-1E22-4878-BB6B-27DA71FF1819}.Release|x86.Build.0 = Release|Any CPU
		{8F45295E-1E22-4878-BB6B-27DA71FF1819}.x86|Any CPU.ActiveCfg = Release|Any CPU
		{8F45295E-1E22-4878-BB6B-27DA71FF1819}.x86|Any CPU.Build.0 = Release|Any CPU
		{8F45295E-1E22-4878-BB6B-27DA71FF1819}.x86|x64.ActiveCfg = Release|Any CPU
		{8F45295E-1E22-4878-BB6B-27DA71FF1819}.x86|x64.Build.0 = Release|Any CPU
		{8F45295E-1E22-4878-BB6B-27DA71FF1819}.x86|x86.ActiveCfg = Release|Any CPU
		{8F45295E-1E22-4878-BB6B-27DA71FF1819}.x86|x86.Build.0 = Release|Any CPU
		{C06CFD9A-B5CB-4374-AA48-F289917A243F}.Debug|Any CPU.ActiveCfg = Debug|Any CPU
		{C06CFD9A-B5CB-4374-AA48-F289917A243F}.Debug|Any CPU.Build.0 = Debug|Any CPU
		{C06CFD9A-B5CB-4374-AA48-F289917A243F}.Debug|x64.ActiveCfg = Debug|Any CPU
		{C06CFD9A-B5CB-4374-AA48-F289917A243F}.Debug|x64.Build.0 = Debug|Any CPU
		{C06CFD9A-B5CB-4374-AA48-F289917A243F}.Debug|x86.ActiveCfg = Debug|Any CPU
		{C06CFD9A-B5CB-4374-AA48-F289917A243F}.Debug|x86.Build.0 = Debug|Any CPU
		{C06CFD9A-B5CB-4374-AA48-F289917A243F}.Release|Any CPU.ActiveCfg = Release|Any CPU
		{C06CFD9A-B5CB-4374-AA48-F289917A243F}.Release|Any CPU.Build.0 = Release|Any CPU
		{C06CFD9A-B5CB-4374-AA48-F289917A243F}.Release|x64.ActiveCfg = Release|Any CPU
		{C06CFD9A-B5CB-4374-AA48-F289917A243F}.Release|x64.Build.0 = Release|Any CPU
		{C06CFD9A-B5CB-4374-AA48-F289917A243F}.Release|x86.ActiveCfg = Release|Any CPU
		{C06CFD9A-B5CB-4374-AA48-F289917A243F}.Release|x86.Build.0 = Release|Any CPU
		{C06CFD9A-B5CB-4374-AA48-F289917A243F}.x86|Any CPU.ActiveCfg = Release|Any CPU
		{C06CFD9A-B5CB-4374-AA48-F289917A243F}.x86|Any CPU.Build.0 = Release|Any CPU
		{C06CFD9A-B5CB-4374-AA48-F289917A243F}.x86|x64.ActiveCfg = Release|Any CPU
		{C06CFD9A-B5CB-4374-AA48-F289917A243F}.x86|x64.Build.0 = Release|Any CPU
		{C06CFD9A-B5CB-4374-AA48-F289917A243F}.x86|x86.ActiveCfg = Release|Any CPU
		{C06CFD9A-B5CB-4374-AA48-F289917A243F}.x86|x86.Build.0 = Release|Any CPU
		{917E0817-967E-40E0-88C3-87B30A862952}.Debug|Any CPU.ActiveCfg = Debug|Any CPU
		{917E0817-967E-40E0-88C3-87B30A862952}.Debug|Any CPU.Build.0 = Debug|Any CPU
		{917E0817-967E-40E0-88C3-87B30A862952}.Debug|x64.ActiveCfg = Debug|Any CPU
		{917E0817-967E-40E0-88C3-87B30A862952}.Debug|x64.Build.0 = Debug|Any CPU
		{917E0817-967E-40E0-88C3-87B30A862952}.Debug|x86.ActiveCfg = Debug|Any CPU
		{917E0817-967E-40E0-88C3-87B30A862952}.Debug|x86.Build.0 = Debug|Any CPU
		{917E0817-967E-40E0-88C3-87B30A862952}.Release|Any CPU.ActiveCfg = Release|Any CPU
		{917E0817-967E-40E0-88C3-87B30A862952}.Release|Any CPU.Build.0 = Release|Any CPU
		{917E0817-967E-40E0-88C3-87B30A862952}.Release|x64.ActiveCfg = Release|Any CPU
		{917E0817-967E-40E0-88C3-87B30A862952}.Release|x64.Build.0 = Release|Any CPU
		{917E0817-967E-40E0-88C3-87B30A862952}.Release|x86.ActiveCfg = Release|Any CPU
		{917E0817-967E-40E0-88C3-87B30A862952}.Release|x86.Build.0 = Release|Any CPU
		{917E0817-967E-40E0-88C3-87B30A862952}.x86|Any CPU.ActiveCfg = Release|Any CPU
		{917E0817-967E-40E0-88C3-87B30A862952}.x86|Any CPU.Build.0 = Release|Any CPU
		{917E0817-967E-40E0-88C3-87B30A862952}.x86|x64.ActiveCfg = Release|Any CPU
		{917E0817-967E-40E0-88C3-87B30A862952}.x86|x64.Build.0 = Release|Any CPU
		{917E0817-967E-40E0-88C3-87B30A862952}.x86|x86.ActiveCfg = Release|Any CPU
		{917E0817-967E-40E0-88C3-87B30A862952}.x86|x86.Build.0 = Release|Any CPU
		{B22D11FB-9FA9-42DA-AE7E-90AD748ABAB8}.Debug|Any CPU.ActiveCfg = Debug|Any CPU
		{B22D11FB-9FA9-42DA-AE7E-90AD748ABAB8}.Debug|Any CPU.Build.0 = Debug|Any CPU
		{B22D11FB-9FA9-42DA-AE7E-90AD748ABAB8}.Debug|x64.ActiveCfg = Debug|Any CPU
		{B22D11FB-9FA9-42DA-AE7E-90AD748ABAB8}.Debug|x64.Build.0 = Debug|Any CPU
		{B22D11FB-9FA9-42DA-AE7E-90AD748ABAB8}.Debug|x86.ActiveCfg = Debug|Any CPU
		{B22D11FB-9FA9-42DA-AE7E-90AD748ABAB8}.Debug|x86.Build.0 = Debug|Any CPU
		{B22D11FB-9FA9-42DA-AE7E-90AD748ABAB8}.Release|Any CPU.ActiveCfg = Release|Any CPU
		{B22D11FB-9FA9-42DA-AE7E-90AD748ABAB8}.Release|Any CPU.Build.0 = Release|Any CPU
		{B22D11FB-9FA9-42DA-AE7E-90AD748ABAB8}.Release|x64.ActiveCfg = Release|Any CPU
		{B22D11FB-9FA9-42DA-AE7E-90AD748ABAB8}.Release|x64.Build.0 = Release|Any CPU
		{B22D11FB-9FA9-42DA-AE7E-90AD748ABAB8}.Release|x86.ActiveCfg = Release|Any CPU
		{B22D11FB-9FA9-42DA-AE7E-90AD748ABAB8}.Release|x86.Build.0 = Release|Any CPU
		{B22D11FB-9FA9-42DA-AE7E-90AD748ABAB8}.x86|Any CPU.ActiveCfg = Release|Any CPU
		{B22D11FB-9FA9-42DA-AE7E-90AD748ABAB8}.x86|Any CPU.Build.0 = Release|Any CPU
		{B22D11FB-9FA9-42DA-AE7E-90AD748ABAB8}.x86|x64.ActiveCfg = Release|Any CPU
		{B22D11FB-9FA9-42DA-AE7E-90AD748ABAB8}.x86|x64.Build.0 = Release|Any CPU
		{B22D11FB-9FA9-42DA-AE7E-90AD748ABAB8}.x86|x86.ActiveCfg = Release|Any CPU
		{B22D11FB-9FA9-42DA-AE7E-90AD748ABAB8}.x86|x86.Build.0 = Release|Any CPU
		{15CF03C7-BB8A-4F8B-8C41-B2FB5494FE14}.Debug|Any CPU.ActiveCfg = Debug|Any CPU
		{15CF03C7-BB8A-4F8B-8C41-B2FB5494FE14}.Debug|Any CPU.Build.0 = Debug|Any CPU
		{15CF03C7-BB8A-4F8B-8C41-B2FB5494FE14}.Debug|x64.ActiveCfg = Debug|Any CPU
		{15CF03C7-BB8A-4F8B-8C41-B2FB5494FE14}.Debug|x64.Build.0 = Debug|Any CPU
		{15CF03C7-BB8A-4F8B-8C41-B2FB5494FE14}.Debug|x86.ActiveCfg = Debug|Any CPU
		{15CF03C7-BB8A-4F8B-8C41-B2FB5494FE14}.Debug|x86.Build.0 = Debug|Any CPU
		{15CF03C7-BB8A-4F8B-8C41-B2FB5494FE14}.Release|Any CPU.ActiveCfg = Release|Any CPU
		{15CF03C7-BB8A-4F8B-8C41-B2FB5494FE14}.Release|Any CPU.Build.0 = Release|Any CPU
		{15CF03C7-BB8A-4F8B-8C41-B2FB5494FE14}.Release|x64.ActiveCfg = Release|Any CPU
		{15CF03C7-BB8A-4F8B-8C41-B2FB5494FE14}.Release|x64.Build.0 = Release|Any CPU
		{15CF03C7-BB8A-4F8B-8C41-B2FB5494FE14}.Release|x86.ActiveCfg = Release|Any CPU
		{15CF03C7-BB8A-4F8B-8C41-B2FB5494FE14}.Release|x86.Build.0 = Release|Any CPU
		{15CF03C7-BB8A-4F8B-8C41-B2FB5494FE14}.x86|Any CPU.ActiveCfg = Release|Any CPU
		{15CF03C7-BB8A-4F8B-8C41-B2FB5494FE14}.x86|Any CPU.Build.0 = Release|Any CPU
		{15CF03C7-BB8A-4F8B-8C41-B2FB5494FE14}.x86|x64.ActiveCfg = Release|Any CPU
		{15CF03C7-BB8A-4F8B-8C41-B2FB5494FE14}.x86|x64.Build.0 = Release|Any CPU
		{15CF03C7-BB8A-4F8B-8C41-B2FB5494FE14}.x86|x86.ActiveCfg = Release|Any CPU
		{15CF03C7-BB8A-4F8B-8C41-B2FB5494FE14}.x86|x86.Build.0 = Release|Any CPU
		{727CA740-0978-43DE-B8FF-B3DF6549CDD3}.Debug|Any CPU.ActiveCfg = Debug|Any CPU
		{727CA740-0978-43DE-B8FF-B3DF6549CDD3}.Debug|Any CPU.Build.0 = Debug|Any CPU
		{727CA740-0978-43DE-B8FF-B3DF6549CDD3}.Debug|x64.ActiveCfg = Debug|x64
		{727CA740-0978-43DE-B8FF-B3DF6549CDD3}.Debug|x64.Build.0 = Debug|x64
		{727CA740-0978-43DE-B8FF-B3DF6549CDD3}.Debug|x86.ActiveCfg = Debug|x86
		{727CA740-0978-43DE-B8FF-B3DF6549CDD3}.Debug|x86.Build.0 = Debug|x86
		{727CA740-0978-43DE-B8FF-B3DF6549CDD3}.Release|Any CPU.ActiveCfg = Release|Any CPU
		{727CA740-0978-43DE-B8FF-B3DF6549CDD3}.Release|Any CPU.Build.0 = Release|Any CPU
		{727CA740-0978-43DE-B8FF-B3DF6549CDD3}.Release|x64.ActiveCfg = Release|x64
		{727CA740-0978-43DE-B8FF-B3DF6549CDD3}.Release|x64.Build.0 = Release|x64
		{727CA740-0978-43DE-B8FF-B3DF6549CDD3}.Release|x86.ActiveCfg = Release|x86
		{727CA740-0978-43DE-B8FF-B3DF6549CDD3}.Release|x86.Build.0 = Release|x86
		{727CA740-0978-43DE-B8FF-B3DF6549CDD3}.x86|Any CPU.ActiveCfg = Release|Any CPU
		{727CA740-0978-43DE-B8FF-B3DF6549CDD3}.x86|Any CPU.Build.0 = Release|Any CPU
		{727CA740-0978-43DE-B8FF-B3DF6549CDD3}.x86|x64.ActiveCfg = Release|x64
		{727CA740-0978-43DE-B8FF-B3DF6549CDD3}.x86|x64.Build.0 = Release|x64
		{727CA740-0978-43DE-B8FF-B3DF6549CDD3}.x86|x86.ActiveCfg = Release|x86
		{727CA740-0978-43DE-B8FF-B3DF6549CDD3}.x86|x86.Build.0 = Release|x86
		{D03EC572-26FA-42D3-91A7-87D9F49310C1}.Debug|Any CPU.ActiveCfg = Debug|Any CPU
		{D03EC572-26FA-42D3-91A7-87D9F49310C1}.Debug|Any CPU.Build.0 = Debug|Any CPU
		{D03EC572-26FA-42D3-91A7-87D9F49310C1}.Debug|x64.ActiveCfg = Debug|Any CPU
		{D03EC572-26FA-42D3-91A7-87D9F49310C1}.Debug|x64.Build.0 = Debug|Any CPU
		{D03EC572-26FA-42D3-91A7-87D9F49310C1}.Debug|x86.ActiveCfg = Debug|Any CPU
		{D03EC572-26FA-42D3-91A7-87D9F49310C1}.Debug|x86.Build.0 = Debug|Any CPU
		{D03EC572-26FA-42D3-91A7-87D9F49310C1}.Release|Any CPU.ActiveCfg = Release|Any CPU
		{D03EC572-26FA-42D3-91A7-87D9F49310C1}.Release|Any CPU.Build.0 = Release|Any CPU
		{D03EC572-26FA-42D3-91A7-87D9F49310C1}.Release|x64.ActiveCfg = Release|Any CPU
		{D03EC572-26FA-42D3-91A7-87D9F49310C1}.Release|x64.Build.0 = Release|Any CPU
		{D03EC572-26FA-42D3-91A7-87D9F49310C1}.Release|x86.ActiveCfg = Release|Any CPU
		{D03EC572-26FA-42D3-91A7-87D9F49310C1}.Release|x86.Build.0 = Release|Any CPU
		{D03EC572-26FA-42D3-91A7-87D9F49310C1}.x86|Any CPU.ActiveCfg = Release|Any CPU
		{D03EC572-26FA-42D3-91A7-87D9F49310C1}.x86|Any CPU.Build.0 = Release|Any CPU
		{D03EC572-26FA-42D3-91A7-87D9F49310C1}.x86|x64.ActiveCfg = Release|Any CPU
		{D03EC572-26FA-42D3-91A7-87D9F49310C1}.x86|x64.Build.0 = Release|Any CPU
		{D03EC572-26FA-42D3-91A7-87D9F49310C1}.x86|x86.ActiveCfg = Release|Any CPU
		{D03EC572-26FA-42D3-91A7-87D9F49310C1}.x86|x86.Build.0 = Release|Any CPU
		{059A77CF-07FC-4455-98E1-43D5E97EC1A2}.Debug|Any CPU.ActiveCfg = Debug|Any CPU
		{059A77CF-07FC-4455-98E1-43D5E97EC1A2}.Debug|Any CPU.Build.0 = Debug|Any CPU
		{059A77CF-07FC-4455-98E1-43D5E97EC1A2}.Debug|x64.ActiveCfg = Debug|Any CPU
		{059A77CF-07FC-4455-98E1-43D5E97EC1A2}.Debug|x64.Build.0 = Debug|Any CPU
		{059A77CF-07FC-4455-98E1-43D5E97EC1A2}.Debug|x86.ActiveCfg = Debug|Any CPU
		{059A77CF-07FC-4455-98E1-43D5E97EC1A2}.Debug|x86.Build.0 = Debug|Any CPU
		{059A77CF-07FC-4455-98E1-43D5E97EC1A2}.Release|Any CPU.ActiveCfg = Release|Any CPU
		{059A77CF-07FC-4455-98E1-43D5E97EC1A2}.Release|Any CPU.Build.0 = Release|Any CPU
		{059A77CF-07FC-4455-98E1-43D5E97EC1A2}.Release|x64.ActiveCfg = Release|Any CPU
		{059A77CF-07FC-4455-98E1-43D5E97EC1A2}.Release|x64.Build.0 = Release|Any CPU
		{059A77CF-07FC-4455-98E1-43D5E97EC1A2}.Release|x86.ActiveCfg = Release|Any CPU
		{059A77CF-07FC-4455-98E1-43D5E97EC1A2}.Release|x86.Build.0 = Release|Any CPU
		{059A77CF-07FC-4455-98E1-43D5E97EC1A2}.x86|Any CPU.ActiveCfg = Debug|Any CPU
		{059A77CF-07FC-4455-98E1-43D5E97EC1A2}.x86|Any CPU.Build.0 = Debug|Any CPU
		{059A77CF-07FC-4455-98E1-43D5E97EC1A2}.x86|x64.ActiveCfg = Debug|Any CPU
		{059A77CF-07FC-4455-98E1-43D5E97EC1A2}.x86|x64.Build.0 = Debug|Any CPU
		{059A77CF-07FC-4455-98E1-43D5E97EC1A2}.x86|x86.ActiveCfg = Debug|Any CPU
		{059A77CF-07FC-4455-98E1-43D5E97EC1A2}.x86|x86.Build.0 = Debug|Any CPU
		{09355E60-17BB-47E7-966B-DC6189BCD85E}.Debug|Any CPU.ActiveCfg = Debug|Any CPU
		{09355E60-17BB-47E7-966B-DC6189BCD85E}.Debug|Any CPU.Build.0 = Debug|Any CPU
		{09355E60-17BB-47E7-966B-DC6189BCD85E}.Debug|x64.ActiveCfg = Debug|Any CPU
		{09355E60-17BB-47E7-966B-DC6189BCD85E}.Debug|x64.Build.0 = Debug|Any CPU
		{09355E60-17BB-47E7-966B-DC6189BCD85E}.Debug|x86.ActiveCfg = Debug|Any CPU
		{09355E60-17BB-47E7-966B-DC6189BCD85E}.Debug|x86.Build.0 = Debug|Any CPU
		{09355E60-17BB-47E7-966B-DC6189BCD85E}.Release|Any CPU.ActiveCfg = Release|Any CPU
		{09355E60-17BB-47E7-966B-DC6189BCD85E}.Release|Any CPU.Build.0 = Release|Any CPU
		{09355E60-17BB-47E7-966B-DC6189BCD85E}.Release|x64.ActiveCfg = Release|Any CPU
		{09355E60-17BB-47E7-966B-DC6189BCD85E}.Release|x64.Build.0 = Release|Any CPU
		{09355E60-17BB-47E7-966B-DC6189BCD85E}.Release|x86.ActiveCfg = Release|Any CPU
		{09355E60-17BB-47E7-966B-DC6189BCD85E}.Release|x86.Build.0 = Release|Any CPU
		{09355E60-17BB-47E7-966B-DC6189BCD85E}.x86|Any CPU.ActiveCfg = Debug|Any CPU
		{09355E60-17BB-47E7-966B-DC6189BCD85E}.x86|Any CPU.Build.0 = Debug|Any CPU
		{09355E60-17BB-47E7-966B-DC6189BCD85E}.x86|x64.ActiveCfg = Debug|Any CPU
		{09355E60-17BB-47E7-966B-DC6189BCD85E}.x86|x64.Build.0 = Debug|Any CPU
		{09355E60-17BB-47E7-966B-DC6189BCD85E}.x86|x86.ActiveCfg = Debug|Any CPU
		{09355E60-17BB-47E7-966B-DC6189BCD85E}.x86|x86.Build.0 = Debug|Any CPU
	EndGlobalSection
	GlobalSection(SolutionProperties) = preSolution
		HideSolutionNode = FALSE
	EndGlobalSection
	GlobalSection(NestedProjects) = preSolution
		{7458471B-885F-4026-ACBB-D8A60369487A} = {FCEE8937-5CB8-4902-998D-835DE878231B}
		{43E5A788-CB73-4EA1-9077-75CB897724B9} = {893B2176-BA5E-4A1C-A8EF-9A301C228E66}
		{9444F98C-30B1-4074-BA00-E942EDD729B2} = {893B2176-BA5E-4A1C-A8EF-9A301C228E66}
		{3800FE55-F547-4F26-B3D9-4B5DAE850A1C} = {893B2176-BA5E-4A1C-A8EF-9A301C228E66}
		{74A5E186-43D4-450E-B314-F261FE0FFFCB} = {893B2176-BA5E-4A1C-A8EF-9A301C228E66}
		{17A007CD-FEA2-493A-B055-B7FDE8740EAE} = {893B2176-BA5E-4A1C-A8EF-9A301C228E66}
		{05561601-995F-4C88-A3D3-3E6B699C77F2} = {893B2176-BA5E-4A1C-A8EF-9A301C228E66}
		{A019EE0D-0EC6-45A1-BA8A-0ABC0352D25F} = {893B2176-BA5E-4A1C-A8EF-9A301C228E66}
		{D31129A1-2481-44D5-87EB-B4DB5C60C03B} = {FCEE8937-5CB8-4902-998D-835DE878231B}
		{8F45295E-1E22-4878-BB6B-27DA71FF1819} = {FCEE8937-5CB8-4902-998D-835DE878231B}
		{C06CFD9A-B5CB-4374-AA48-F289917A243F} = {EBE665C0-357C-4108-8BF1-BA272004E802}
		{917E0817-967E-40E0-88C3-87B30A862952} = {FCEE8937-5CB8-4902-998D-835DE878231B}
		{B22D11FB-9FA9-42DA-AE7E-90AD748ABAB8} = {FCEE8937-5CB8-4902-998D-835DE878231B}
		{15CF03C7-BB8A-4F8B-8C41-B2FB5494FE14} = {FCEE8937-5CB8-4902-998D-835DE878231B}
		{EBE665C0-357C-4108-8BF1-BA272004E802} = {FCEE8937-5CB8-4902-998D-835DE878231B}
		{727CA740-0978-43DE-B8FF-B3DF6549CDD3} = {893B2176-BA5E-4A1C-A8EF-9A301C228E66}
		{2E48E1B6-A9A5-42E0-8F88-389901C3F886} = {03A5D47B-1354-43F8-81F4-C50F3E2AA145}
		{D03EC572-26FA-42D3-91A7-87D9F49310C1} = {2E48E1B6-A9A5-42E0-8F88-389901C3F886}
		{FCEE8937-5CB8-4902-998D-835DE878231B} = {03A5D47B-1354-43F8-81F4-C50F3E2AA145}
		{F142CB18-20F2-469B-8237-0D9FCF86925F} = {04848882-9DA9-4C8D-8CD0-633D4C7064C8}
		{059A77CF-07FC-4455-98E1-43D5E97EC1A2} = {F142CB18-20F2-469B-8237-0D9FCF86925F}
		{09355E60-17BB-47E7-966B-DC6189BCD85E} = {F142CB18-20F2-469B-8237-0D9FCF86925F}
		{10926DF3-3450-4018-A263-61E5E53BBA5F} = {04848882-9DA9-4C8D-8CD0-633D4C7064C8}
	EndGlobalSection
	GlobalSection(ExtensibilityGlobals) = postSolution
		SolutionGuid = {85EE7951-EA06-4A15-A065-BA4601BED280}
	EndGlobalSection
EndGlobal
